symfony b49813847176ddb0bd5c7a500a2ffd37a6248118
twig 941ce5b67240e479e487d1dc673cbc60842e2bef
monolog b704c49a3051536f67f2d39f13568f74615b9922
doctrine-common 16b2385b3ce5319d88969f18694e4b36533bd258
doctrine-dbal b066e54fa048952b4ca71e7e609707d66cd7448e
doctrine abb258c951dd416fc5325ef548d15c7acd35703e
swiftmailer eb0ecaa4243efc46e0f54d87c6454e49aa4b62dd
assetic f829ad23d23c87480151a21faad49fefe7c09e5d
twig-extensions d75a453b4e1ad48216cc4803ba9095855f130774
metadata 30c622cad82e39a6856b981a9bfb9df06b3cc067
SensioFrameworkExtraBundle 1c7e92f466d11f83130b0c1271f44d067a2c3b31
JMSSecurityExtraBundle b8b7eb294ed83d83ca7260ac018e701f08003538
SensioDistributionBundle 64ae64795c794e34d964a67e76f0584444189fc2
SensioGeneratorBundle 87fe88c4c8dc09cb197ba4b2d6d5b834e2c64980
AsseticBundle 41b5913b5086a0909af92adcb4a6005ee0051b16
doctrine-extensions 25f3318032a3a48616088a165fe2c1c2cccc15ca
StofDoctrineExtensionsBundle ff7f1fc311ea63d014b7350225366403632ecd40
SonatajQueryBundle b792f13127d3657f19e0296b8958c5103488e54b
SonataUserBundle c8727353bae73cf29335544bc366282052415888
SonataAdminBundle 3678291688d126b5ce2eacc8a74fd9d104ebc67c
KnpMenuBundle ca66d876ec60e5e7b714ab03cebcc414b5f3f52f
KnpMenu 138b735bab508eb3d7266ff64041bb715595b662
SonataDoctrineORMAdminBundle cd146313ce4a1adf73c92192c4878ad72e7bbb65
FOSUserBundle 92e50a76705137be8ce6ea162e97689f870efa70
SonataEasyExtendsBundle ac9340134c4e374973353e28b9e3d2918acc3091